
Microsoft Visual Studio Solution File, Format Version 11.00
# Visual Studio 2010
Project("{FAE04EC0-301F-11D3-BF4B-00C04F79EFBC}") = "VuforiaScripts", "VuforiaScripts.csproj", "{F5758255-C610-D2B4-0301-E528E13F9283}"
EndProject
Project("{FAE04EC0-301F-11D3-BF4B-00C04F79EFBC}") = "Assembly-CSharp", "Assembly-CSharp.csproj", "{E5915C59-0369-EF97-68DE-017A2C538812}"
EndProject
Project("{FAE04EC0-301F-11D3-BF4B-00C04F79EFBC}") = "Assembly-CSharp-Editor", "Assembly-CSharp-Editor.csproj", "{95E76C11-77D9-1216-84B4-018E47981179}"
EndProject
Project("{FAE04EC0-301F-11D3-BF4B-00C04F79EFBC}") = "VuforiaEditorScripts", "VuforiaEditorScripts.csproj", "{49B8F791-8B05-7F06-70F2-B5BD421EC429}"
EndProject
Global
	GlobalSection(SolutionConfigurationPlatforms) = preSolution
		Debug|Any CPU = Debug|Any CPU
		Release|Any CPU = Release|Any CPU
	EndGlobalSection
	GlobalSection(ProjectConfigurationPlatforms) = postSolution
		{F5758255-C610-D2B4-0301-E528E13F9283}.Debug|Any CPU.ActiveCfg = Debug|Any CPU
		{F5758255-C610-D2B4-0301-E528E13F9283}.Debug|Any CPU.Build.0 = Debug|Any CPU
		{F5758255-C610-D2B4-0301-E528E13F9283}.Release|Any CPU.ActiveCfg = Release|Any CPU
		{F5758255-C610-D2B4-0301-E528E13F9283}.Release|Any CPU.Build.0 = Release|Any CPU
		{E5915C59-0369-EF97-68DE-017A2C538812}.Debug|Any CPU.ActiveCfg = Debug|Any CPU
		{E5915C59-0369-EF97-68DE-017A2C538812}.Debug|Any CPU.Build.0 = Debug|Any CPU
		{E5915C59-0369-EF97-68DE-017A2C538812}.Release|Any CPU.ActiveCfg = Release|Any CPU
		{E5915C59-0369-EF97-68DE-017A2C538812}.Release|Any CPU.Build.0 = Release|Any CPU
		{95E76C11-77D9-1216-84B4-018E47981179}.Debug|Any CPU.ActiveCfg = Debug|Any CPU
		{95E76C11-77D9-1216-84B4-018E47981179}.Debug|Any CPU.Build.0 = Debug|Any CPU
		{95E76C11-77D9-1216-84B4-018E47981179}.Release|Any CPU.ActiveCfg = Release|Any CPU
		{95E76C11-77D9-1216-84B4-018E47981179}.Release|Any CPU.Build.0 = Release|Any CPU
		{49B8F791-8B05-7F06-70F2-B5BD421EC429}.Debug|Any CPU.ActiveCfg = Debug|Any CPU
		{49B8F791-8B05-7F06-70F2-B5BD421EC429}.Debug|Any CPU.Build.0 = Debug|Any CPU
		{49B8F791-8B05-7F06-70F2-B5BD421EC429}.Release|Any CPU.ActiveCfg = Release|Any CPU
		{49B8F791-8B05-7F06-70F2-B5BD421EC429}.Release|Any CPU.Build.0 = Release|Any CPU
	EndGlobalSection
	GlobalSection(SolutionProperties) = preSolution
		HideSolutionNode = FALSE
	EndGlobalSection
	GlobalSection(MonoDevelopProperties) = preSolution
		StartupItem = Assembly-CSharp.csproj
	EndGlobalSection
EndGlobal
